
Microsoft Visual Studio Solution File, Format Version 12.00
# Visual Studio Version 16
VisualStudioVersion = 16.0.29905.134
MinimumVisualStudioVersion = 10.0.40219.1
Project("{FAE04EC0-301F-11D3-BF4B-00C04F79EFBC}") = "Network_programming", "Web\NetWork\Network_programming\Network_programming.csproj", "{EB837ADE-8F08-4590-8F9A-26004F031848}"
EndProject
Project("{FAE04EC0-301F-11D3-BF4B-00C04F79EFBC}") = "Server", "Web\NetWork\Client-Server\Server\Server.csproj", "{6C5C438B-18B3-460B-BFF5-AD3C12DE4417}"
EndProject
Project("{FAE04EC0-301F-11D3-BF4B-00C04F79EFBC}") = "SClient", "Web\NetWork\Client-Server\SClient\SClient.csproj", "{AFD033A7-28BC-4429-9B4D-4D561B01540E}"
EndProject
Project("{FAE04EC0-301F-11D3-BF4B-00C04F79EFBC}") = "WebApplicationOAuth", "Web\ASP\WebApplication\WebApplicationOAuth.csproj", "{B6FE84F1-B8DD-4E4F-9E7F-514F5354E349}"
EndProject
Project("{FAE04EC0-301F-11D3-BF4B-00C04F79EFBC}") = "SQL_Server_Base", "DatasLayer\SQL\MSSqlServer\SQL_Server_Base\SQL_Server_Base.csproj", "{79861ED8-448E-4C12-8E56-4E2C3342465A}"
EndProject
Project("{FAE04EC0-301F-11D3-BF4B-00C04F79EFBC}") = "CSharp", "CSharp\CSharp.csproj", "{5F6B917E-54DF-40DE-AC21-5CE2688A6B62}"
EndProject
Project("{FAE04EC0-301F-11D3-BF4B-00C04F79EFBC}") = "WebApplication1", "Web\ASP\WebApplication1\WebApplication1.csproj", "{5217E41D-438B-4536-87E8-489FF7B894C0}"
EndProject
Project("{2150E333-8FDC-42A3-9474-1A3956D46DE8}") = "WebAPIs", "WebAPIs", "{28459528-835E-4BB0-8B71-161ED1227A5C}"
EndProject
Project("{2150E333-8FDC-42A3-9474-1A3956D46DE8}") = "NetWork", "NetWork", "{C5DEEBF2-BD03-48C2-862E-EDFEECD92DC7}"
EndProject
Project("{2150E333-8FDC-42A3-9474-1A3956D46DE8}") = "Client-Server", "Client-Server", "{D5BC821A-22E0-4763-926C-6209500AF4B0}"
EndProject
Project("{2150E333-8FDC-42A3-9474-1A3956D46DE8}") = "SQL", "SQL", "{CADDC56E-4634-4743-8FB4-290DEF5806F8}"
EndProject
Project("{2150E333-8FDC-42A3-9474-1A3956D46DE8}") = "ASP", "ASP", "{D9084984-8B20-4E74-A579-2490ACA89F5B}"
EndProject
Project("{2150E333-8FDC-42A3-9474-1A3956D46DE8}") = "MVC", "MVC", "{B290F39E-F5BB-4764-A87D-73091FC25C2F}"
EndProject
Project("{FAE04EC0-301F-11D3-BF4B-00C04F79EFBC}") = "BooksAPI", "Web\ASP\BooksAPI\BooksAPI.csproj", "{A550222C-992E-4398-B8FD-81CB8D137357}"
EndProject
Project("{FAE04EC0-301F-11D3-BF4B-00C04F79EFBC}") = "WebASPIdentityWithZeroByOWIN", "Web\ASP\WebASPIdentityWithZeroByOWIN\WebASPIdentityWithZeroByOWIN.csproj", "{55CD0B9D-91BA-4678-9034-65796DDD57A2}"
EndProject
Project("{2150E333-8FDC-42A3-9474-1A3956D46DE8}") = "NT_Services", "NT_Services", "{0EEFB52D-9D02-4EE4-B653-46FF33A54537}"
EndProject
Project("{FAE04EC0-301F-11D3-BF4B-00C04F79EFBC}") = "WindowsService1", "WCF\NT_Services\WindowsService1\WindowsService1.csproj", "{FD500EA1-E848-4817-8C6F-46FEB7F56D45}"
EndProject
Project("{2150E333-8FDC-42A3-9474-1A3956D46DE8}") = "ADO", "ADO", "{33CB5352-9252-4E67-A7C5-B4CDB5FD33B4}"
EndProject
Project("{FAE04EC0-301F-11D3-BF4B-00C04F79EFBC}") = "App_ADO_Net", "DatasLayer\ADO\App_ADO_Net\App_ADO_Net.csproj", "{844D8B46-4EAE-44DC-B4BD-1B301EA08DD9}"
EndProject
Project("{2150E333-8FDC-42A3-9474-1A3956D46DE8}") = "DatasLayer", "DatasLayer", "{90F7E2EE-00A5-4590-B87E-E2AC8F09724B}"
EndProject
Project("{9A19103F-16F7-4668-BE54-9A1E7A4F7556}") = "imickey", "Web\ASP\imickey\imickey.csproj", "{99B219FA-9339-40FF-BCDD-049F39BA3D2C}"
EndProject
Project("{9A19103F-16F7-4668-BE54-9A1E7A4F7556}") = "WebASPCoreMVC", "Web\ASP\WebASPCoreMVC\WebASPCoreMVC.csproj", "{A9A0E1D7-AE44-4ADB-AC28-A8FDB9CA2120}"
EndProject
Project("{2150E333-8FDC-42A3-9474-1A3956D46DE8}") = "NoSQL", "NoSQL", "{D082CBAE-C936-4BCA-B5BB-4C6B6ABED867}"
EndProject
Project("{2150E333-8FDC-42A3-9474-1A3956D46DE8}") = "ORM", "ORM", "{823FCC66-E3E3-4940-835C-EDCED1D84FF3}"
EndProject
Project("{2150E333-8FDC-42A3-9474-1A3956D46DE8}") = "Dapper", "Dapper", "{86FED2CB-D4BE-4049-8C1A-8F22ED190C7D}"
EndProject
Project("{2150E333-8FDC-42A3-9474-1A3956D46DE8}") = "EntityFramework", "EntityFramework", "{09CE7F43-2E1C-4913-BDBD-90831C3AEB1E}"
EndProject
Project("{2150E333-8FDC-42A3-9474-1A3956D46DE8}") = "NHibernate", "NHibernate", "{68293966-5447-467B-8FF7-B672B9044FCD}"
EndProject
Project("{2150E333-8FDC-42A3-9474-1A3956D46DE8}") = "Redis", "Redis", "{CD784D93-AF1D-47FA-A282-767A879D735F}"
EndProject
Project("{2150E333-8FDC-42A3-9474-1A3956D46DE8}") = "MongoDB", "MongoDB", "{9EDCD5F6-8AD3-467E-BE3C-F1BD051E96AE}"
EndProject
Project("{2150E333-8FDC-42A3-9474-1A3956D46DE8}") = "DynamoDB", "DynamoDB", "{16C92923-DAC3-46AB-BA2A-F9A328BFEC16}"
EndProject
Project("{2150E333-8FDC-42A3-9474-1A3956D46DE8}") = "CosmosDB", "CosmosDB", "{48EDA46C-7F8B-4C3A-927E-547D592525ED}"
EndProject
Project("{2150E333-8FDC-42A3-9474-1A3956D46DE8}") = "ORACLE", "ORACLE", "{31E13F3B-7A9E-46C5-B8AD-A55111DCE57F}"
EndProject
Project("{2150E333-8FDC-42A3-9474-1A3956D46DE8}") = "MSSqlServer", "MSSqlServer", "{798DB198-9BBA-44AB-B27E-79D56DFDFF7B}"
EndProject
Project("{2150E333-8FDC-42A3-9474-1A3956D46DE8}") = "MySQL", "MySQL", "{2895D3F8-CBB2-4EA3-9C25-E808FBADD3DF}"
EndProject
Project("{2150E333-8FDC-42A3-9474-1A3956D46DE8}") = "PostgreSQL", "PostgreSQL", "{D14BC0F2-DFA4-4DCC-BB6F-C7CEF30C5F5A}"
EndProject
Project("{2150E333-8FDC-42A3-9474-1A3956D46DE8}") = "Messaging", "Messaging", "{12D5A542-B58F-4F6B-8B30-32C6BC7D3930}"
EndProject
Project("{2150E333-8FDC-42A3-9474-1A3956D46DE8}") = "RabbitMQ", "RabbitMQ", "{F2C604E3-5079-45DC-8805-90D4A200AB23}"
EndProject
Project("{2150E333-8FDC-42A3-9474-1A3956D46DE8}") = "Kafka", "Kafka", "{1C0FC492-260F-4AED-A772-2F36B53401E9}"
EndProject
Project("{2150E333-8FDC-42A3-9474-1A3956D46DE8}") = "AzureServiceBus", "AzureServiceBus", "{B4B5F6D8-AB40-4E72-86ED-0AA27A155619}"
EndProject
Project("{2150E333-8FDC-42A3-9474-1A3956D46DE8}") = "Clouds", "Clouds", "{961C6F46-3BD0-4CF7-BD76-9FF2E7F155DC}"
EndProject
Project("{2150E333-8FDC-42A3-9474-1A3956D46DE8}") = "Azure", "Azure", "{386B40E8-120B-4374-959F-C51B0B2B4746}"
EndProject
Project("{2150E333-8FDC-42A3-9474-1A3956D46DE8}") = "AWS", "AWS", "{F2766E24-ED0D-4311-B0C3-FBF40EEA6AE0}"
EndProject
Project("{2150E333-8FDC-42A3-9474-1A3956D46DE8}") = "GoogleCloudPlatform", "GoogleCloudPlatform", "{C070AA62-2082-4637-A3FE-2C6D9FE6F06D}"
EndProject
Project("{2150E333-8FDC-42A3-9474-1A3956D46DE8}") = "SignaLR", "SignaLR", "{EE7D5794-3BA2-4AC8-842C-43A49B210D73}"
EndProject
Project("{2150E333-8FDC-42A3-9474-1A3956D46DE8}") = "WCF", "WCF", "{C9F8AD2C-2793-4F6E-92F3-DD4EDC35C77F}"
EndProject
Project("{2150E333-8FDC-42A3-9474-1A3956D46DE8}") = "Web", "Web", "{1014ACE1-FF20-4121-B84D-41401CCE9ED2}"
EndProject
Project("{9A19103F-16F7-4668-BE54-9A1E7A4F7556}") = "EF_Core_UniversalTemplate", "DatasLayer\ORM\EntityFramework\EF_Core_UniversalTemplate\EF_Core_UniversalTemplate.csproj", "{DAA93BD0-BE55-4CB8-8C1B-552E076296F9}"
EndProject
Project("{2150E333-8FDC-42A3-9474-1A3956D46DE8}") = "Others", "Others", "{6729F8B9-C14A-46EA-9CCC-0E4DFF8ECA45}"
EndProject
Project("{2150E333-8FDC-42A3-9474-1A3956D46DE8}") = "MySite", "MySite", "{0C6D67C3-0370-4CAA-B6FC-DDBF56AE8729}"
EndProject
Project("{9A19103F-16F7-4668-BE54-9A1E7A4F7556}") = "OthersCode", "Others\OthersCode\OthersCode.csproj", "{8F19336A-857D-464E-9DB2-27DE9E8ACE3F}"
EndProject
Project("{2150E333-8FDC-42A3-9474-1A3956D46DE8}") = "Training", "Training", "{D837E3EB-96DA-4E96-AAA2-55843FC6F923}"
EndProject
Project("{9A19103F-16F7-4668-BE54-9A1E7A4F7556}") = "Reflection", "Others\Training\Reflection\Reflection.csproj", "{49EAA697-9411-43F7-983C-85DDA3C37F9E}"
EndProject
Project("{9A19103F-16F7-4668-BE54-9A1E7A4F7556}") = "Reflection.Tests", "Others\Training\Reflection.Tests\Reflection.Tests.csproj", "{3BBC6D41-FAC3-4B80-ACF4-BBA83BFDF542}"
EndProject
Project("{2150E333-8FDC-42A3-9474-1A3956D46DE8}") = "UnitTesting", "UnitTesting", "{D0D7AF7E-5E30-4CF6-AFD7-DE51BDDB2288}"
EndProject
Project("{9A19103F-16F7-4668-BE54-9A1E7A4F7556}") = "Code", "UnitTesting\Code\Code.csproj", "{3C323B44-3638-4D16-A9E1-6E869D65CAF1}"
EndProject
Project("{FAE04EC0-301F-11D3-BF4B-00C04F79EFBC}") = "EF_CodeFirst", "DatasLayer\ORM\EF_CodeFirst\EF_CodeFirst.csproj", "{905196BA-69FA-4046-89F5-AABE7E76AC1C}"
EndProject
Project("{9A19103F-16F7-4668-BE54-9A1E7A4F7556}") = "Code.Tests", "UnitTesting\Code.Tests\Code.Tests.csproj", "{9928743C-3ABB-4C61-A4E7-F6F2F4C8DB95}"
EndProject
Project("{9A19103F-16F7-4668-BE54-9A1E7A4F7556}") = "_001_StartupConfigure", "Web\ASP\_001_StartupConfigure\_001_StartupConfigure.csproj", "{8323F80A-3918-4F71-A8FB-6BEB9ED55B20}"
EndProject
Project("{9A19103F-16F7-4668-BE54-9A1E7A4F7556}") = "_002_Middleware", "Web\ASP\_002_Middleware\_002_Middleware.csproj", "{F7F23FC5-DF11-4001-BEBB-146F607FB9F0}"
EndProject
Project("{9A19103F-16F7-4668-BE54-9A1E7A4F7556}") = "_003_ConfigurationType", "Web\ASP\_003_ConfigurationType\_003_ConfigurationType.csproj", "{CE1FA042-ABBA-47B6-AA7D-AB6D66DCDC3F}"
EndProject
Project("{9A19103F-16F7-4668-BE54-9A1E7A4F7556}") = "_004_Services", "Web\ASP\_004_Services\_004_Services.csproj", "{2C063050-C6DF-45F3-A6E9-34ADEA8D5E6A}"
EndProject
Project("{9A19103F-16F7-4668-BE54-9A1E7A4F7556}") = "_005_Routing", "Web\ASP\_005_Routing\_005_Routing.csproj", "{859D884C-521F-43F0-BB46-8437CCF3DC63}"
EndProject
Project("{9A19103F-16F7-4668-BE54-9A1E7A4F7556}") = "_006_Models", "Web\ASP\_006_Models\_006_Models.csproj", "{820895CA-B4BF-43CF-AB40-92F8BEFA67DF}"
EndProject
Project("{9A19103F-16F7-4668-BE54-9A1E7A4F7556}") = "_007_WebAPI", "Web\ASP\_007_WebAPI\_007_WebAPI.csproj", "{B2D8751A-CBC7-4100-96B3-8F2DBD7C6C2D}"
EndProject
Project("{9A19103F-16F7-4668-BE54-9A1E7A4F7556}") = "EF_Core_App", "DatasLayer\ORM\EntityFramework\EF_Core_App\EF_Core_App.csproj", "{BA45F88F-C766-4AB1-9A0F-43DBF84A2743}"
EndProject
Project("{2150E333-8FDC-42A3-9474-1A3956D46DE8}") = "Ex_ThreeLayers", "Ex_ThreeLayers", "{87B52C43-9B6F-49F2-A276-96B8701E3BE4}"
EndProject
Project("{9A19103F-16F7-4668-BE54-9A1E7A4F7556}") = "ASP.NET Core", "Web\ASP\Ex_ThreeLayers\PresentationLayer\ASP.NET Core.csproj", "{0D46B61E-C7F3-49C3-9049-E9A0253A5C9C}"
EndProject
Project("{9A19103F-16F7-4668-BE54-9A1E7A4F7556}") = "BusinessLogic", "Web\ASP\Ex_ThreeLayers\BusinessLogic\BusinessLogic.csproj", "{955B835B-C9F7-4A42-BF10-981E1AD10D97}"
EndProject
Project("{9A19103F-16F7-4668-BE54-9A1E7A4F7556}") = "DataAccessLayer", "Web\ASP\Ex_ThreeLayers\DataAccessLayer\DataAccessLayer.csproj", "{52116D53-578A-4388-9F81-ADE7245BAC3D}"
EndProject
Project("{2150E333-8FDC-42A3-9474-1A3956D46DE8}") = "DeveloperInterview", "DeveloperInterview", "{72DC783D-FAB8-46C0-9647-EE634DFFDC8E}"
	ProjectSection(SolutionItems) = preProject
		DeveloperInterview\Тестовое задание Backend Developer.odt = DeveloperInterview\Тестовое задание Backend Developer.odt
	EndProjectSection
EndProject
Project("{9A19103F-16F7-4668-BE54-9A1E7A4F7556}") = "_002_Parsing_CBR", "_002_Parsing_CBR\_002_Parsing_CBR.csproj", "{C67BB8E7-01AD-4E80-ACFA-C9DC82AF0760}"
EndProject
Project("{9A19103F-16F7-4668-BE54-9A1E7A4F7556}") = "_001_BaseQuestions", "DeveloperInterview\_001_BaseQuestions\_001_BaseQuestions.csproj", "{0E5BC5ED-C394-46F1-A9B8-893C8D3BDC97}"
EndProject
Project("{2150E333-8FDC-42A3-9474-1A3956D46DE8}") = "Preview", "Preview", "{49C0A8F0-C3F2-4ADD-8B4C-E5E4ADAF6AA3}"
	ProjectSection(SolutionItems) = preProject
		Others\Preview\_001_.png = Others\Preview\_001_.png
	EndProjectSection
EndProject
Global
	GlobalSection(SolutionConfigurationPlatforms) = preSolution
		Debug|Any CPU = Debug|Any CPU
		Release|Any CPU = Release|Any CPU
	EndGlobalSection
	GlobalSection(ProjectConfigurationPlatforms) = postSolution
		{EB837ADE-8F08-4590-8F9A-26004F031848}.Debug|Any CPU.ActiveCfg = Debug|Any CPU
		{EB837ADE-8F08-4590-8F9A-26004F031848}.Debug|Any CPU.Build.0 = Debug|Any CPU
		{EB837ADE-8F08-4590-8F9A-26004F031848}.Release|Any CPU.ActiveCfg = Release|Any CPU
		{EB837ADE-8F08-4590-8F9A-26004F031848}.Release|Any CPU.Build.0 = Release|Any CPU
		{6C5C438B-18B3-460B-BFF5-AD3C12DE4417}.Debug|Any CPU.ActiveCfg = Debug|Any CPU
		{6C5C438B-18B3-460B-BFF5-AD3C12DE4417}.Debug|Any CPU.Build.0 = Debug|Any CPU
		{6C5C438B-18B3-460B-BFF5-AD3C12DE4417}.Release|Any CPU.ActiveCfg = Release|Any CPU
		{6C5C438B-18B3-460B-BFF5-AD3C12DE4417}.Release|Any CPU.Build.0 = Release|Any CPU
		{AFD033A7-28BC-4429-9B4D-4D561B01540E}.Debug|Any CPU.ActiveCfg = Debug|Any CPU
		{AFD033A7-28BC-4429-9B4D-4D561B01540E}.Debug|Any CPU.Build.0 = Debug|Any CPU
		{AFD033A7-28BC-4429-9B4D-4D561B01540E}.Release|Any CPU.ActiveCfg = Release|Any CPU
		{AFD033A7-28BC-4429-9B4D-4D561B01540E}.Release|Any CPU.Build.0 = Release|Any CPU
		{B6FE84F1-B8DD-4E4F-9E7F-514F5354E349}.Debug|Any CPU.ActiveCfg = Debug|Any CPU
		{B6FE84F1-B8DD-4E4F-9E7F-514F5354E349}.Debug|Any CPU.Build.0 = Debug|Any CPU
		{B6FE84F1-B8DD-4E4F-9E7F-514F5354E349}.Release|Any CPU.ActiveCfg = Release|Any CPU
		{B6FE84F1-B8DD-4E4F-9E7F-514F5354E349}.Release|Any CPU.Build.0 = Release|Any CPU
		{79861ED8-448E-4C12-8E56-4E2C3342465A}.Debug|Any CPU.ActiveCfg = Debug|Any CPU
		{79861ED8-448E-4C12-8E56-4E2C3342465A}.Debug|Any CPU.Build.0 = Debug|Any CPU
		{79861ED8-448E-4C12-8E56-4E2C3342465A}.Release|Any CPU.ActiveCfg = Release|Any CPU
		{79861ED8-448E-4C12-8E56-4E2C3342465A}.Release|Any CPU.Build.0 = Release|Any CPU
		{5F6B917E-54DF-40DE-AC21-5CE2688A6B62}.Debug|Any CPU.ActiveCfg = Debug|Any CPU
		{5F6B917E-54DF-40DE-AC21-5CE2688A6B62}.Debug|Any CPU.Build.0 = Debug|Any CPU
		{5F6B917E-54DF-40DE-AC21-5CE2688A6B62}.Release|Any CPU.ActiveCfg = Release|Any CPU
		{5F6B917E-54DF-40DE-AC21-5CE2688A6B62}.Release|Any CPU.Build.0 = Release|Any CPU
		{5217E41D-438B-4536-87E8-489FF7B894C0}.Debug|Any CPU.ActiveCfg = Debug|Any CPU
		{5217E41D-438B-4536-87E8-489FF7B894C0}.Debug|Any CPU.Build.0 = Debug|Any CPU
		{5217E41D-438B-4536-87E8-489FF7B894C0}.Release|Any CPU.ActiveCfg = Release|Any CPU
		{5217E41D-438B-4536-87E8-489FF7B894C0}.Release|Any CPU.Build.0 = Release|Any CPU
		{A550222C-992E-4398-B8FD-81CB8D137357}.Debug|Any CPU.ActiveCfg = Debug|Any CPU
		{A550222C-992E-4398-B8FD-81CB8D137357}.Debug|Any CPU.Build.0 = Debug|Any CPU
		{A550222C-992E-4398-B8FD-81CB8D137357}.Release|Any CPU.ActiveCfg = Release|Any CPU
		{A550222C-992E-4398-B8FD-81CB8D137357}.Release|Any CPU.Build.0 = Release|Any CPU
		{55CD0B9D-91BA-4678-9034-65796DDD57A2}.Debug|Any CPU.ActiveCfg = Debug|Any CPU
		{55CD0B9D-91BA-4678-9034-65796DDD57A2}.Debug|Any CPU.Build.0 = Debug|Any CPU
		{55CD0B9D-91BA-4678-9034-65796DDD57A2}.Release|Any CPU.ActiveCfg = Release|Any CPU
		{55CD0B9D-91BA-4678-9034-65796DDD57A2}.Release|Any CPU.Build.0 = Release|Any CPU
		{FD500EA1-E848-4817-8C6F-46FEB7F56D45}.Debug|Any CPU.ActiveCfg = Debug|Any CPU
		{FD500EA1-E848-4817-8C6F-46FEB7F56D45}.Debug|Any CPU.Build.0 = Debug|Any CPU
		{FD500EA1-E848-4817-8C6F-46FEB7F56D45}.Release|Any CPU.ActiveCfg = Release|Any CPU
		{FD500EA1-E848-4817-8C6F-46FEB7F56D45}.Release|Any CPU.Build.0 = Release|Any CPU
		{844D8B46-4EAE-44DC-B4BD-1B301EA08DD9}.Debug|Any CPU.ActiveCfg = Debug|Any CPU
		{844D8B46-4EAE-44DC-B4BD-1B301EA08DD9}.Debug|Any CPU.Build.0 = Debug|Any CPU
		{844D8B46-4EAE-44DC-B4BD-1B301EA08DD9}.Release|Any CPU.ActiveCfg = Release|Any CPU
		{844D8B46-4EAE-44DC-B4BD-1B301EA08DD9}.Release|Any CPU.Build.0 = Release|Any CPU
		{99B219FA-9339-40FF-BCDD-049F39BA3D2C}.Debug|Any CPU.ActiveCfg = Debug|Any CPU
		{99B219FA-9339-40FF-BCDD-049F39BA3D2C}.Debug|Any CPU.Build.0 = Debug|Any CPU
		{99B219FA-9339-40FF-BCDD-049F39BA3D2C}.Release|Any CPU.ActiveCfg = Release|Any CPU
		{99B219FA-9339-40FF-BCDD-049F39BA3D2C}.Release|Any CPU.Build.0 = Release|Any CPU
		{A9A0E1D7-AE44-4ADB-AC28-A8FDB9CA2120}.Debug|Any CPU.ActiveCfg = Debug|Any CPU
		{A9A0E1D7-AE44-4ADB-AC28-A8FDB9CA2120}.Debug|Any CPU.Build.0 = Debug|Any CPU
		{A9A0E1D7-AE44-4ADB-AC28-A8FDB9CA2120}.Release|Any CPU.ActiveCfg = Release|Any CPU
		{A9A0E1D7-AE44-4ADB-AC28-A8FDB9CA2120}.Release|Any CPU.Build.0 = Release|Any CPU
		{DAA93BD0-BE55-4CB8-8C1B-552E076296F9}.Debug|Any CPU.ActiveCfg = Debug|Any CPU
		{DAA93BD0-BE55-4CB8-8C1B-552E076296F9}.Debug|Any CPU.Build.0 = Debug|Any CPU
		{DAA93BD0-BE55-4CB8-8C1B-552E076296F9}.Release|Any CPU.ActiveCfg = Release|Any CPU
		{DAA93BD0-BE55-4CB8-8C1B-552E076296F9}.Release|Any CPU.Build.0 = Release|Any CPU
		{8F19336A-857D-464E-9DB2-27DE9E8ACE3F}.Debug|Any CPU.ActiveCfg = Debug|Any CPU
		{8F19336A-857D-464E-9DB2-27DE9E8ACE3F}.Debug|Any CPU.Build.0 = Debug|Any CPU
		{8F19336A-857D-464E-9DB2-27DE9E8ACE3F}.Release|Any CPU.ActiveCfg = Release|Any CPU
		{8F19336A-857D-464E-9DB2-27DE9E8ACE3F}.Release|Any CPU.Build.0 = Release|Any CPU
		{49EAA697-9411-43F7-983C-85DDA3C37F9E}.Debug|Any CPU.ActiveCfg = Debug|Any CPU
		{49EAA697-9411-43F7-983C-85DDA3C37F9E}.Debug|Any CPU.Build.0 = Debug|Any CPU
		{49EAA697-9411-43F7-983C-85DDA3C37F9E}.Release|Any CPU.ActiveCfg = Release|Any CPU
		{49EAA697-9411-43F7-983C-85DDA3C37F9E}.Release|Any CPU.Build.0 = Release|Any CPU
		{3BBC6D41-FAC3-4B80-ACF4-BBA83BFDF542}.Debug|Any CPU.ActiveCfg = Debug|Any CPU
		{3BBC6D41-FAC3-4B80-ACF4-BBA83BFDF542}.Debug|Any CPU.Build.0 = Debug|Any CPU
		{3BBC6D41-FAC3-4B80-ACF4-BBA83BFDF542}.Release|Any CPU.ActiveCfg = Release|Any CPU
		{3BBC6D41-FAC3-4B80-ACF4-BBA83BFDF542}.Release|Any CPU.Build.0 = Release|Any CPU
		{3C323B44-3638-4D16-A9E1-6E869D65CAF1}.Debug|Any CPU.ActiveCfg = Debug|Any CPU
		{3C323B44-3638-4D16-A9E1-6E869D65CAF1}.Debug|Any CPU.Build.0 = Debug|Any CPU
		{3C323B44-3638-4D16-A9E1-6E869D65CAF1}.Release|Any CPU.ActiveCfg = Release|Any CPU
		{3C323B44-3638-4D16-A9E1-6E869D65CAF1}.Release|Any CPU.Build.0 = Release|Any CPU
		{905196BA-69FA-4046-89F5-AABE7E76AC1C}.Debug|Any CPU.ActiveCfg = Debug|Any CPU
		{905196BA-69FA-4046-89F5-AABE7E76AC1C}.Debug|Any CPU.Build.0 = Debug|Any CPU
		{905196BA-69FA-4046-89F5-AABE7E76AC1C}.Release|Any CPU.ActiveCfg = Release|Any CPU
		{905196BA-69FA-4046-89F5-AABE7E76AC1C}.Release|Any CPU.Build.0 = Release|Any CPU
		{9928743C-3ABB-4C61-A4E7-F6F2F4C8DB95}.Debug|Any CPU.ActiveCfg = Debug|Any CPU
		{9928743C-3ABB-4C61-A4E7-F6F2F4C8DB95}.Debug|Any CPU.Build.0 = Debug|Any CPU
		{9928743C-3ABB-4C61-A4E7-F6F2F4C8DB95}.Release|Any CPU.ActiveCfg = Release|Any CPU
		{9928743C-3ABB-4C61-A4E7-F6F2F4C8DB95}.Release|Any CPU.Build.0 = Release|Any CPU
		{8323F80A-3918-4F71-A8FB-6BEB9ED55B20}.Debug|Any CPU.ActiveCfg = Debug|Any CPU
		{8323F80A-3918-4F71-A8FB-6BEB9ED55B20}.Debug|Any CPU.Build.0 = Debug|Any CPU
		{8323F80A-3918-4F71-A8FB-6BEB9ED55B20}.Release|Any CPU.ActiveCfg = Release|Any CPU
		{8323F80A-3918-4F71-A8FB-6BEB9ED55B20}.Release|Any CPU.Build.0 = Release|Any CPU
		{F7F23FC5-DF11-4001-BEBB-146F607FB9F0}.Debug|Any CPU.ActiveCfg = Debug|Any CPU
		{F7F23FC5-DF11-4001-BEBB-146F607FB9F0}.Debug|Any CPU.Build.0 = Debug|Any CPU
		{F7F23FC5-DF11-4001-BEBB-146F607FB9F0}.Release|Any CPU.ActiveCfg = Release|Any CPU
		{F7F23FC5-DF11-4001-BEBB-146F607FB9F0}.Release|Any CPU.Build.0 = Release|Any CPU
		{CE1FA042-ABBA-47B6-AA7D-AB6D66DCDC3F}.Debug|Any CPU.ActiveCfg = Debug|Any CPU
		{CE1FA042-ABBA-47B6-AA7D-AB6D66DCDC3F}.Debug|Any CPU.Build.0 = Debug|Any CPU
		{CE1FA042-ABBA-47B6-AA7D-AB6D66DCDC3F}.Release|Any CPU.ActiveCfg = Release|Any CPU
		{CE1FA042-ABBA-47B6-AA7D-AB6D66DCDC3F}.Release|Any CPU.Build.0 = Release|Any CPU
		{2C063050-C6DF-45F3-A6E9-34ADEA8D5E6A}.Debug|Any CPU.ActiveCfg = Debug|Any CPU
		{2C063050-C6DF-45F3-A6E9-34ADEA8D5E6A}.Debug|Any CPU.Build.0 = Debug|Any CPU
		{2C063050-C6DF-45F3-A6E9-34ADEA8D5E6A}.Release|Any CPU.ActiveCfg = Release|Any CPU
		{2C063050-C6DF-45F3-A6E9-34ADEA8D5E6A}.Release|Any CPU.Build.0 = Release|Any CPU
		{859D884C-521F-43F0-BB46-8437CCF3DC63}.Debug|Any CPU.ActiveCfg = Debug|Any CPU
		{859D884C-521F-43F0-BB46-8437CCF3DC63}.Debug|Any CPU.Build.0 = Debug|Any CPU
		{859D884C-521F-43F0-BB46-8437CCF3DC63}.Release|Any CPU.ActiveCfg = Release|Any CPU
		{859D884C-521F-43F0-BB46-8437CCF3DC63}.Release|Any CPU.Build.0 = Release|Any CPU
		{820895CA-B4BF-43CF-AB40-92F8BEFA67DF}.Debug|Any CPU.ActiveCfg = Debug|Any CPU
		{820895CA-B4BF-43CF-AB40-92F8BEFA67DF}.Debug|Any CPU.Build.0 = Debug|Any CPU
		{820895CA-B4BF-43CF-AB40-92F8BEFA67DF}.Release|Any CPU.ActiveCfg = Release|Any CPU
		{820895CA-B4BF-43CF-AB40-92F8BEFA67DF}.Release|Any CPU.Build.0 = Release|Any CPU
		{B2D8751A-CBC7-4100-96B3-8F2DBD7C6C2D}.Debug|Any CPU.ActiveCfg = Debug|Any CPU
		{B2D8751A-CBC7-4100-96B3-8F2DBD7C6C2D}.Debug|Any CPU.Build.0 = Debug|Any CPU
		{B2D8751A-CBC7-4100-96B3-8F2DBD7C6C2D}.Release|Any CPU.ActiveCfg = Release|Any CPU
		{B2D8751A-CBC7-4100-96B3-8F2DBD7C6C2D}.Release|Any CPU.Build.0 = Release|Any CPU
		{BA45F88F-C766-4AB1-9A0F-43DBF84A2743}.Debug|Any CPU.ActiveCfg = Debug|Any CPU
		{BA45F88F-C766-4AB1-9A0F-43DBF84A2743}.Debug|Any CPU.Build.0 = Debug|Any CPU
		{BA45F88F-C766-4AB1-9A0F-43DBF84A2743}.Release|Any CPU.ActiveCfg = Release|Any CPU
		{BA45F88F-C766-4AB1-9A0F-43DBF84A2743}.Release|Any CPU.Build.0 = Release|Any CPU
		{0D46B61E-C7F3-49C3-9049-E9A0253A5C9C}.Debug|Any CPU.ActiveCfg = Debug|Any CPU
		{0D46B61E-C7F3-49C3-9049-E9A0253A5C9C}.Debug|Any CPU.Build.0 = Debug|Any CPU
		{0D46B61E-C7F3-49C3-9049-E9A0253A5C9C}.Release|Any CPU.ActiveCfg = Release|Any CPU
		{0D46B61E-C7F3-49C3-9049-E9A0253A5C9C}.Release|Any CPU.Build.0 = Release|Any CPU
		{955B835B-C9F7-4A42-BF10-981E1AD10D97}.Debug|Any CPU.ActiveCfg = Debug|Any CPU
		{955B835B-C9F7-4A42-BF10-981E1AD10D97}.Debug|Any CPU.Build.0 = Debug|Any CPU
		{955B835B-C9F7-4A42-BF10-981E1AD10D97}.Release|Any CPU.ActiveCfg = Release|Any CPU
		{955B835B-C9F7-4A42-BF10-981E1AD10D97}.Release|Any CPU.Build.0 = Release|Any CPU
		{52116D53-578A-4388-9F81-ADE7245BAC3D}.Debug|Any CPU.ActiveCfg = Debug|Any CPU
		{52116D53-578A-4388-9F81-ADE7245BAC3D}.Debug|Any CPU.Build.0 = Debug|Any CPU
		{52116D53-578A-4388-9F81-ADE7245BAC3D}.Release|Any CPU.ActiveCfg = Release|Any CPU
		{52116D53-578A-4388-9F81-ADE7245BAC3D}.Release|Any CPU.Build.0 = Release|Any CPU
		{C67BB8E7-01AD-4E80-ACFA-C9DC82AF0760}.Debug|Any CPU.ActiveCfg = Debug|Any CPU
		{C67BB8E7-01AD-4E80-ACFA-C9DC82AF0760}.Debug|Any CPU.Build.0 = Debug|Any CPU
		{C67BB8E7-01AD-4E80-ACFA-C9DC82AF0760}.Release|Any CPU.ActiveCfg = Release|Any CPU
		{C67BB8E7-01AD-4E80-ACFA-C9DC82AF0760}.Release|Any CPU.Build.0 = Release|Any CPU
		{0E5BC5ED-C394-46F1-A9B8-893C8D3BDC97}.Debug|Any CPU.ActiveCfg = Debug|Any CPU
		{0E5BC5ED-C394-46F1-A9B8-893C8D3BDC97}.Debug|Any CPU.Build.0 = Debug|Any CPU
		{0E5BC5ED-C394-46F1-A9B8-893C8D3BDC97}.Release|Any CPU.ActiveCfg = Release|Any CPU
		{0E5BC5ED-C394-46F1-A9B8-893C8D3BDC97}.Release|Any CPU.Build.0 = Release|Any CPU
	EndGlobalSection
	GlobalSection(SolutionProperties) = preSolution
		HideSolutionNode = FALSE
	EndGlobalSection
	GlobalSection(NestedProjects) = preSolution
		{EB837ADE-8F08-4590-8F9A-26004F031848} = {C5DEEBF2-BD03-48C2-862E-EDFEECD92DC7}
		{6C5C438B-18B3-460B-BFF5-AD3C12DE4417} = {D5BC821A-22E0-4763-926C-6209500AF4B0}
		{AFD033A7-28BC-4429-9B4D-4D561B01540E} = {D5BC821A-22E0-4763-926C-6209500AF4B0}
		{B6FE84F1-B8DD-4E4F-9E7F-514F5354E349} = {B290F39E-F5BB-4764-A87D-73091FC25C2F}
		{79861ED8-448E-4C12-8E56-4E2C3342465A} = {798DB198-9BBA-44AB-B27E-79D56DFDFF7B}
		{5217E41D-438B-4536-87E8-489FF7B894C0} = {B290F39E-F5BB-4764-A87D-73091FC25C2F}
		{28459528-835E-4BB0-8B71-161ED1227A5C} = {D9084984-8B20-4E74-A579-2490ACA89F5B}
		{C5DEEBF2-BD03-48C2-862E-EDFEECD92DC7} = {1014ACE1-FF20-4121-B84D-41401CCE9ED2}
		{D5BC821A-22E0-4763-926C-6209500AF4B0} = {C5DEEBF2-BD03-48C2-862E-EDFEECD92DC7}
		{CADDC56E-4634-4743-8FB4-290DEF5806F8} = {90F7E2EE-00A5-4590-B87E-E2AC8F09724B}
		{D9084984-8B20-4E74-A579-2490ACA89F5B} = {1014ACE1-FF20-4121-B84D-41401CCE9ED2}
		{B290F39E-F5BB-4764-A87D-73091FC25C2F} = {D9084984-8B20-4E74-A579-2490ACA89F5B}
		{A550222C-992E-4398-B8FD-81CB8D137357} = {28459528-835E-4BB0-8B71-161ED1227A5C}
		{55CD0B9D-91BA-4678-9034-65796DDD57A2} = {B290F39E-F5BB-4764-A87D-73091FC25C2F}
		{0EEFB52D-9D02-4EE4-B653-46FF33A54537} = {C9F8AD2C-2793-4F6E-92F3-DD4EDC35C77F}
		{FD500EA1-E848-4817-8C6F-46FEB7F56D45} = {0EEFB52D-9D02-4EE4-B653-46FF33A54537}
		{33CB5352-9252-4E67-A7C5-B4CDB5FD33B4} = {90F7E2EE-00A5-4590-B87E-E2AC8F09724B}
		{844D8B46-4EAE-44DC-B4BD-1B301EA08DD9} = {33CB5352-9252-4E67-A7C5-B4CDB5FD33B4}
		{99B219FA-9339-40FF-BCDD-049F39BA3D2C} = {0C6D67C3-0370-4CAA-B6FC-DDBF56AE8729}
		{A9A0E1D7-AE44-4ADB-AC28-A8FDB9CA2120} = {B290F39E-F5BB-4764-A87D-73091FC25C2F}
		{D082CBAE-C936-4BCA-B5BB-4C6B6ABED867} = {90F7E2EE-00A5-4590-B87E-E2AC8F09724B}
		{823FCC66-E3E3-4940-835C-EDCED1D84FF3} = {90F7E2EE-00A5-4590-B87E-E2AC8F09724B}
		{86FED2CB-D4BE-4049-8C1A-8F22ED190C7D} = {823FCC66-E3E3-4940-835C-EDCED1D84FF3}
		{09CE7F43-2E1C-4913-BDBD-90831C3AEB1E} = {823FCC66-E3E3-4940-835C-EDCED1D84FF3}
		{68293966-5447-467B-8FF7-B672B9044FCD} = {823FCC66-E3E3-4940-835C-EDCED1D84FF3}
		{CD784D93-AF1D-47FA-A282-767A879D735F} = {D082CBAE-C936-4BCA-B5BB-4C6B6ABED867}
		{9EDCD5F6-8AD3-467E-BE3C-F1BD051E96AE} = {D082CBAE-C936-4BCA-B5BB-4C6B6ABED867}
		{16C92923-DAC3-46AB-BA2A-F9A328BFEC16} = {D082CBAE-C936-4BCA-B5BB-4C6B6ABED867}
		{48EDA46C-7F8B-4C3A-927E-547D592525ED} = {D082CBAE-C936-4BCA-B5BB-4C6B6ABED867}
		{31E13F3B-7A9E-46C5-B8AD-A55111DCE57F} = {CADDC56E-4634-4743-8FB4-290DEF5806F8}
		{798DB198-9BBA-44AB-B27E-79D56DFDFF7B} = {CADDC56E-4634-4743-8FB4-290DEF5806F8}
		{2895D3F8-CBB2-4EA3-9C25-E808FBADD3DF} = {CADDC56E-4634-4743-8FB4-290DEF5806F8}
		{D14BC0F2-DFA4-4DCC-BB6F-C7CEF30C5F5A} = {CADDC56E-4634-4743-8FB4-290DEF5806F8}
		{F2C604E3-5079-45DC-8805-90D4A200AB23} = {12D5A542-B58F-4F6B-8B30-32C6BC7D3930}
		{1C0FC492-260F-4AED-A772-2F36B53401E9} = {12D5A542-B58F-4F6B-8B30-32C6BC7D3930}
		{B4B5F6D8-AB40-4E72-86ED-0AA27A155619} = {12D5A542-B58F-4F6B-8B30-32C6BC7D3930}
		{386B40E8-120B-4374-959F-C51B0B2B4746} = {961C6F46-3BD0-4CF7-BD76-9FF2E7F155DC}
		{F2766E24-ED0D-4311-B0C3-FBF40EEA6AE0} = {961C6F46-3BD0-4CF7-BD76-9FF2E7F155DC}
		{C070AA62-2082-4637-A3FE-2C6D9FE6F06D} = {961C6F46-3BD0-4CF7-BD76-9FF2E7F155DC}
		{EE7D5794-3BA2-4AC8-842C-43A49B210D73} = {D9084984-8B20-4E74-A579-2490ACA89F5B}
		{DAA93BD0-BE55-4CB8-8C1B-552E076296F9} = {09CE7F43-2E1C-4913-BDBD-90831C3AEB1E}
		{0C6D67C3-0370-4CAA-B6FC-DDBF56AE8729} = {D9084984-8B20-4E74-A579-2490ACA89F5B}
		{8F19336A-857D-464E-9DB2-27DE9E8ACE3F} = {6729F8B9-C14A-46EA-9CCC-0E4DFF8ECA45}
		{D837E3EB-96DA-4E96-AAA2-55843FC6F923} = {6729F8B9-C14A-46EA-9CCC-0E4DFF8ECA45}
		{49EAA697-9411-43F7-983C-85DDA3C37F9E} = {D837E3EB-96DA-4E96-AAA2-55843FC6F923}
		{3BBC6D41-FAC3-4B80-ACF4-BBA83BFDF542} = {D837E3EB-96DA-4E96-AAA2-55843FC6F923}
		{3C323B44-3638-4D16-A9E1-6E869D65CAF1} = {D0D7AF7E-5E30-4CF6-AFD7-DE51BDDB2288}
		{905196BA-69FA-4046-89F5-AABE7E76AC1C} = {09CE7F43-2E1C-4913-BDBD-90831C3AEB1E}
		{9928743C-3ABB-4C61-A4E7-F6F2F4C8DB95} = {D0D7AF7E-5E30-4CF6-AFD7-DE51BDDB2288}
		{8323F80A-3918-4F71-A8FB-6BEB9ED55B20} = {28459528-835E-4BB0-8B71-161ED1227A5C}
		{F7F23FC5-DF11-4001-BEBB-146F607FB9F0} = {28459528-835E-4BB0-8B71-161ED1227A5C}
		{CE1FA042-ABBA-47B6-AA7D-AB6D66DCDC3F} = {28459528-835E-4BB0-8B71-161ED1227A5C}
		{2C063050-C6DF-45F3-A6E9-34ADEA8D5E6A} = {28459528-835E-4BB0-8B71-161ED1227A5C}
		{859D884C-521F-43F0-BB46-8437CCF3DC63} = {28459528-835E-4BB0-8B71-161ED1227A5C}
		{820895CA-B4BF-43CF-AB40-92F8BEFA67DF} = {28459528-835E-4BB0-8B71-161ED1227A5C}
		{B2D8751A-CBC7-4100-96B3-8F2DBD7C6C2D} = {28459528-835E-4BB0-8B71-161ED1227A5C}
		{BA45F88F-C766-4AB1-9A0F-43DBF84A2743} = {09CE7F43-2E1C-4913-BDBD-90831C3AEB1E}
		{87B52C43-9B6F-49F2-A276-96B8701E3BE4} = {28459528-835E-4BB0-8B71-161ED1227A5C}
		{0D46B61E-C7F3-49C3-9049-E9A0253A5C9C} = {87B52C43-9B6F-49F2-A276-96B8701E3BE4}
		{955B835B-C9F7-4A42-BF10-981E1AD10D97} = {87B52C43-9B6F-49F2-A276-96B8701E3BE4}
		{52116D53-578A-4388-9F81-ADE7245BAC3D} = {87B52C43-9B6F-49F2-A276-96B8701E3BE4}
		{C67BB8E7-01AD-4E80-ACFA-C9DC82AF0760} = {72DC783D-FAB8-46C0-9647-EE634DFFDC8E}
		{0E5BC5ED-C394-46F1-A9B8-893C8D3BDC97} = {72DC783D-FAB8-46C0-9647-EE634DFFDC8E}
		{49C0A8F0-C3F2-4ADD-8B4C-E5E4ADAF6AA3} = {6729F8B9-C14A-46EA-9CCC-0E4DFF8ECA45}
	EndGlobalSection
	GlobalSection(ExtensibilityGlobals) = postSolution
		SolutionGuid = {6B107A0A-E116-4081-981F-C1FB7D76123A}
	EndGlobalSection
EndGlobal
